github.com/boltdb/bolt v1.3.0 h1:am1Tz34FiDO8OP+gvSpAeYb6Iy1lME5KHxZoFXbfbLs=
github.com/boltdb/bolt v1.3.0/go.mod h1:clJnj/oiGkjum5o1McbSZDSLxVThjynRyGBgiAx27Ps=
github.com/davecgh/go-spew v1.1.1/go.mod h1:J7Y8YcW2NihsgmVo/mv3lAwl/skON4iLHjSsI+c5H38=
github.com/dgrijalva/jwt-go v3.0.0+incompatible/go.mod h1:E3ru+11k8xSBh+hMPgOLZmtrrCbhqsmaPHjLKYnJCaQ=
github.com/franela/goblin v0.0.0-20170111051028-2fa789fd0c6b h1:pFXMOmYgv60RqCPRU9v+jprPw88/oor7dQDykOfi17A=
github.com/franela/goblin v0.0.0-20170111051028-2fa789fd0c6b/go.mod h1:7dvUGVsVBjqR7JHJk0brhHOZYGmfBYOrK0ZhYMEtBr4=
github.com/getblank/uuid v0.0.0-20160519113122-af8bcd064446 h1:pqAb9q9WI7gYqAdHDVqJHT1XjnHDH7P4bUMW309Vpng=
github.com/getblank/uuid v0.0.0-20160519113122-af8bcd064446/go.mod h1:McMjHIFseo1OS8eA8AvlYSFxVtbUDNeMq7GKfSHbz24=
github.com/getblank/wango v0.0.0-20161019105944-d4225a993803 h1:VS8kHGH77tsOiGihL9nsJGScaa8wewcjNO85/OGrfxQ=
github.com/getblank/wango v0.0.0-20161019105944-d4225a993803/go.mod h1:O5QrzUBd9pXqJyN1LbToN1ZtyjLAa4pcgAJ5fYAYRuw=
github.com/globalsign/mgo v0.0.0-20180615134936-113d3961e731 h1:y7wyeiA6T+TT+HGC9DYypvLkUeg99N4rqHMzn2MmjYk=
github.com/globalsign/mgo v0.0.0-20180615134936-113d3961e731/go.mod h1:xkRDCp4j0OGD1HRkm4kmhM+pmpv3AKq5SU7GMg4oO/Q=
github.com/golang-jwt/jwt v3.2.2+incompatible h1:IfV12K8xAKAnZqdXVzCZ+TOjboZ2keLg81eXfW3O+oY=
github.com/golang-jwt/jwt v3.2.2+incompatible/go.mod h1:8pz2t5EyA70fFQQSrl6XZXzqecmYZeUEB8OUGHkxJ+I=
github.com/jinzhu/copier v0.0.0-20170205151647-8bfca8a02a0c h1:AzGTBOqJUdehXvtwaQUr1qN2WdRR6nrKRnhjsnPbf0U=
github.com/jinzhu/copier v0.0.0-20170205151647-8bfca8a02a0c/go.mod h1:yL958EeXv8Ylng6IfnvG4oflryUi3vgA3xPs9hmII1s=
github.com/pkg/errors v0.8.1-0.20170505043639-c605e284fe17 h1:+adyfd5YBtuLL2FbDEn0GitOinGeMH0levy3o62TMF0=
github.com/pkg/errors v0.8.1-0.20170505043639-c605e284fe17/go.mod h1:bwawxfHBFNV+L2hUp1rHADufV3IMtnDRdf1r5NINEl0=
github.com/pmezard/go-difflib v1.0.0/go.mod h1:iKH77koFhYxTK1pcRnkKkqfTogsbg7gZNVY4sRDYZ/4=
github.com/sirupsen/logrus v1.8.1 h1:dJKuHgqk1NNQlqoA6BTlM1Wf9DOH3NBjQyu0h9+AZZE=
github.com/sirupsen/logrus v1.8.1/go.mod h1:yWOB1SBYBC5VeMP7gHvWumXLIWorT60ONWic61uBYv0=
github.com/stretchr/testify v1.2.2/go.mod h1:a8OnRcib4nhh0OaRAV+Yts87kKdq0PP7pXfy6kDkUVs=
golang.org/x/crypto v0.0.0-20170619204222-adbae1b6b6fb/go.mod h1:6SG95UA2DQfeDnfUPMdvaQW0Q7yPrPDi9nlGo2tz2b4=
golang.org/x/net v0.0.0-20170621082244-057a25b06247 h1:9gMwEHNHYKG1f8Tu0pgbxfzVfkkdn1dW8pEYqn9mRBs=
golang.org/x/net v0.0.0-20170621082244-057a25b06247/go.mod h1:mL1N/T3taQHkDXs73rZJwtUhF3w3ftmwwsq0BUmARs4=
golang.org/x/sys v0.0.0-20191026070338-33540a1f6037/go.mod h1:h1NjWce9XRLGQEsW7wpKNCjG9DtNlClVuFLEZdDNbEs=
golang.org/x/sys v0.0.0-20210831042530-f4d43177bf5e h1:XMgFehsDnnLGtjvjOfqWSUzt0alpTR1RSEuznObga2c=
golang.org/x/sys v0.0.0-20210831042530-f4d43177bf5e/go.mod h1:oPkhp1MJrh7nUepCBck5+mAzfO9JrbApNNgaTdGDITg=
golang.org/x/tools v0.0.0-20170622020834-545ce0dcddd1 h1:T+5HN7mrSekc1V5k1GGBxZCvMf3UUwY1UYY/WMzWJGI=
golang.org/x/tools v0.0.0-20170622020834-545ce0dcddd1/go.mod h1:n7NCudcB/nEzxVGmLbDWY5pfWTLqBcC2KZ6jyYvM4mQ=
